{
  "version": 4,
  "terraform_version": "1.7.5",
  "serial": 12,
  "lineage": "6633df8d-aba3-25fd-cd61-be67c9c2c0b8",
  "outputs": {
    "operator_nsg_id": {
      "value": "ocid1.networksecuritygroup.oc1.us-sanjose-1.aaaaaaaagax2bambjc6gfsayxjiy5jpujinwifj6ei25sn6dlz7fxjkbpkra",
      "type": "string"
    },
    "operator_private_ip": {
      "value": "10.0.1.13",
      "type": "string"
    },
    "operator_subnet_id": {
      "value": "ocid1.subnet.oc1.us-sanjose-1.aaaaaaaaql6uklemognq7v64fp4jxebuop3tpg6gjijdyedykw3elx4imsyq",
      "type": "string"
    }
  },
  "resources": [
    {
      "mode": "data",
      "type": "cloudinit_config",
      "name": "operator",
      "provider": "provider[\"registry.terraform.io/hashicorp/cloudinit\"]",
      "instances": [
        {
          "schema_version": 0,
          "attributes": {
            "base64_encode": true,
            "boundary": "MIMEBOUNDARY",
            "gzip": true,
            "id": "440095898",
            "part": [
              {
                "content": "# Copyright 2017, 2021, Oracle Corporation and/or affiliates.  All rights reserved.\n# Licensed under the Universal Permissive License v 1.0 as shown at https://oss.oracle.com/licenses/upl/\n\n#cloud-config\npackage_upgrade: false\ntimezone: America/Los_Angeles\nbootcmd:\n  - [dnf, config-manager, --disable, ol8_MySQL80, --disable, ol8_MySQL80_connectors_community, --disable, ol8_MySQL80_tools_community, --disable, ol8_addons, --disable, ol8_ksplice]\n\nruncmd:\n  - dnf install -y oracle-olcne-release-el8\n  - dnf config-manager --enable ol8_olcne15\n  - dnf config-manager --disable ol8_olcne14\n  - dnf install -y git helm jq kubectl python3-oci-cli\n  - echo \"Setting instance_principal...\"\n  - echo \"export OCI_CLI_AUTH=instance_principal\" \u003e\u003e  /home/opc/.bashrc\n  - touch /home/opc/operator.finish\n\nfinal_message: |\n  cloud-init has finished\n  version: $version\n  timestamp: $timestamp\n  datasource: $datasource\n  uptime: $uptime",
                "content_type": "text/cloud-config",
                "filename": "operator.yaml",
                "merge_type": null
              }
            ],
            "rendered": "H4sIAAAAAAAA/3yU0W8jNRDG3y3lfxilfYx32wK6ak89KeROolJLgWuREEKriT27a2rPGNsbGsQfj7K55gKl9zb2/r7P31ieXQkX4qLvt5EaCKMvLmIqdXBPZN/CWka2mLZX89vr2w/f3j18/3750y9ztVvpnyllJ9zAeXU2UzOl9TE0U8/e712Okl2ZWCwFzRCIy1vonCfGQFdziZSwSKq2GPz8s/Q+IeeOkv7ARqzjvoE3a1eOgCl3oadSGy+j1Ua4c/1M3bpALxKewEriNrl+KHBxdv5mARdnF+cLuEtoPMFKUpSEu6CAbGtJgF3nvMNCuQJYeg+TOEOiTGlDtlIncOMMcSYLI1tKUAaCB3YbShk9/EApuJzdhp452OziAGbIg/zJgAWGUmJu6lpyrmTKUhkJtd8Lcj1GXyt1ctyhimgesad2jH1CSw106DOp4gL9JUwNLAMlZ7C+kdwuuSdPWa1Figm2UQAafrXcLWBvpwMy9pQWoLV1GdeeFiD+sr3dfvzx5vLstf3WCDOZIim3RkIY2ZXtq3AR8V/i0Frh/GL7McfdVfymVBr5EN9yB45zQe9Bb2F/b1q8YdKJPGEmTf7ywP67UdCaeHfEdMKkOv/mdfZTniP46/8L0bsCA/kAv/8Bj+OaTPEQt2UQ/kqLcdp4N8nIDALzj1SK435vwIbamBwbF9FXVTU/AukpSipwt7puVzfX7fLh/rurl6I5vHsHUA8SqJZo6mqNeUhm8ikymuHo22HgOscuD0p1jtG3gXLGnhr4WwHsn5vjXU+YYU+SVQCb57k6/VQpgN3DywVDbOD0UCsAiwWzjMlQA6efFwpgjDuugdN98d8fiNYz9U8AAAD//7UT0kqfBAAA"
          },
          "sensitive_attributes": []
        }
      ]
    },
    {
      "mode": "data",
      "type": "oci_core_images",
      "name": "oracle_images",
      "provider": "provider[\"registry.terraform.io/oracle/oci\"]",
      "instances": [
        {
          "index_key": 0,
          "schema_version": 0,
          "attributes": {
            "compartment_id": "ocid1.tenancy.oc1..aaaaaaaama642bekezj2z6edxsme5ojtcv3siwaieyl7nccgarj4ky2ocrya",
            "display_name": null,
            "filter": null,
            "id": "CoreImagesDataSource-500093528",
            "images": [
              {
                "agent_features": [],
                "base_image_id": "",
                "billable_size_in_gbs": "6",
                "compartment_id": "",
                "create_image_allowed": true,
                "defined_tags": {},
                "display_name": "Oracle-Linux-8.9-aarch64-2024.02.26-0",
                "freeform_tags": {},
                "id": "ocid1.image.oc1.us-sanjose-1.aaaaaaaatprg3t5qmz7r3vngtkrz3zxdn5wbwygdz76qmgxodzd67cj6unua",
                "image_source_details": [],
                "instance_id": "",
                "launch_mode": "NATIVE",
                "launch_options": [
                  {
                    "boot_volume_type": "PARAVIRTUALIZED",
                    "firmware": "UEFI_64",
                    "is_consistent_volume_naming_enabled": true,
                    "is_pv_encryption_in_transit_enabled": true,
                    "network_type": "PARAVIRTUALIZED",
                    "remote_data_volume_type": "PARAVIRTUALIZED"
                  }
                ],
                "listing_type": "",
                "operating_system": "Oracle Linux",
                "operating_system_version": "8",
                "size_in_mbs": "47694",
                "state": "AVAILABLE",
                "time_created": "2024-03-07 06:30:20.553 +0000 UTC"
              },
              {
                "agent_features": [],
                "base_image_id": "",
                "billable_size_in_gbs": "5",
                "compartment_id": "",
                "create_image_allowed": true,
                "defined_tags": {},
                "display_name": "Oracle-Linux-8.9-aarch64-2024.01.26-0",
                "freeform_tags": {},
                "id": "ocid1.image.oc1.us-sanjose-1.aaaaaaaa33vwvc6olnhcde67wzsh64oe4j35p7pruf3kxjeegfxq2wyrab7q",
                "image_source_details": [],
                "instance_id": "",
                "launch_mode": "NATIVE",
                "launch_options": [
                  {
                    "boot_volume_type": "PARAVIRTUALIZED",
                    "firmware": "UEFI_64",
                    "is_consistent_volume_naming_enabled": true,
                    "is_pv_encryption_in_transit_enabled": true,
                    "network_type": "PARAVIRTUALIZED",
                    "remote_data_volume_type": "PARAVIRTUALIZED"
                  }
                ],
                "listing_type": "",
                "operating_system": "Oracle Linux",
                "operating_system_version": "8",
                "size_in_mbs": "47694",
                "state": "AVAILABLE",
                "time_created": "2024-02-03 21:15:12.164 +0000 UTC"
              },
              {
                "agent_features": [],
                "base_image_id": "",
                "billable_size_in_gbs": "5",
                "compartment_id": "",
                "create_image_allowed": true,
                "defined_tags": {},
                "display_name": "Oracle-Linux-8.8-aarch64-2023.12.13-0",
                "freeform_tags": {},
                "id": "ocid1.image.oc1.us-sanjose-1.aaaaaaaa2inma37yzaoaqd7xfmeq76wgnu2wwdgcdmyl4rcap6bl252iicda",
                "image_source_details": [],
                "instance_id": "",
                "launch_mode": "NATIVE",
                "launch_options": [
                  {
                    "boot_volume_type": "PARAVIRTUALIZED",
                    "firmware": "UEFI_64",
                    "is_consistent_volume_naming_enabled": true,
                    "is_pv_encryption_in_transit_enabled": true,
                    "network_type": "PARAVIRTUALIZED",
                    "remote_data_volume_type": "PARAVIRTUALIZED"
                  }
                ],
                "listing_type": "",
                "operating_system": "Oracle Linux",
                "operating_system_version": "8",
                "size_in_mbs": "47694",
                "state": "AVAILABLE",
                "time_created": "2023-12-15 09:56:13.667 +0000 UTC"
              }
            ],
            "operating_system": "Oracle Linux",
            "operating_system_version": "8",
            "shape": "VM.Standard.A1.Flex",
            "sort_by": "TIMECREATED",
            "sort_order": null,
            "state": null
          },
          "sensitive_attributes": []
        }
      ]
    },
    {
      "mode": "data",
      "type": "oci_core_instance",
      "name": "operator",
      "provider": "provider[\"registry.terraform.io/oracle/oci\"]",
      "instances": [
        {
          "schema_version": 0,
          "attributes": {
            "agent_config": [
              {
                "are_all_plugins_disabled": false,
                "is_management_disabled": false,
                "is_monitoring_disabled": false,
                "plugins_config": [
                  {
                    "desired_state": "ENABLED",
                    "name": "Bastion"
                  },
                  {
                    "desired_state": "DISABLED",
                    "name": "OS Management Service Agent"
                  }
                ]
              }
            ],
            "async": null,
            "availability_config": [
              {
                "is_live_migration_preferred": false,
                "recovery_action": "RESTORE_INSTANCE"
              }
            ],
            "availability_domain": "FZWq:US-SANJOSE-1-AD-1",
            "boot_volume_id": "ocid1.bootvolume.oc1.us-sanjose-1.abzwuljrvdix6arih2pf2ni3jso2ydvsjsh75lnxyqtcmsrregw4qpkxm4kq",
            "capacity_reservation_id": null,
            "compartment_id": "ocid1.tenancy.oc1..aaaaaaaama642bekezj2z6edxsme5ojtcv3siwaieyl7nccgarj4ky2ocrya",
            "compute_cluster_id": null,
            "create_vnic_details": null,
            "dedicated_vm_host_id": null,
            "defined_tags": {
              "Oracle-Tags.CreatedBy": "default/lian_jiang_hust@yahoo.com",
              "Oracle-Tags.CreatedOn": "2024-04-08T07:54:32.538Z"
            },
            "display_name": "production-operator",
            "extended_metadata": null,
            "fault_domain": "FAULT-DOMAIN-2",
            "freeform_tags": {
              "access": "restricted",
              "environment": "dev",
              "role": "operator"
            },
            "hostname_label": "production-operator",
            "id": "ocid1.instance.oc1.us-sanjose-1.anzwuljr676g55ac5smfdj7hhpsnl5liufse23jykjoihfcgzsdtpo65etqq",
            "image": "ocid1.image.oc1.us-sanjose-1.aaaaaaaatprg3t5qmz7r3vngtkrz3zxdn5wbwygdz76qmgxodzd67cj6unua",
            "instance_configuration_id": null,
            "instance_id": "ocid1.instance.oc1.us-sanjose-1.anzwuljr676g55ac5smfdj7hhpsnl5liufse23jykjoihfcgzsdtpo65etqq",
            "instance_options": [
              {
                "are_legacy_imds_endpoints_disabled": false
              }
            ],
            "ipxe_script": null,
            "is_cross_numa_node": false,
            "is_pv_encryption_in_transit_enabled": null,
            "launch_mode": "PARAVIRTUALIZED",
            "launch_options": [
              {
                "boot_volume_type": "PARAVIRTUALIZED",
                "firmware": "UEFI_64",
                "is_consistent_volume_naming_enabled": true,
                "is_pv_encryption_in_transit_enabled": false,
                "network_type": "PARAVIRTUALIZED",
                "remote_data_volume_type": "PARAVIRTUALIZED"
              }
            ],
            "launch_volume_attachments": null,
            "metadata": {
              "ssh_authorized_keys": "",
              "user_data": "H4sIAAAAAAAA/3yU0W8jNRDG3y3lfxilfYx32wK6ak89KeROolJLgWuREEKriT27a2rPGNsbGsQfj7K55gKl9zb2/r7P31ieXQkX4qLvt5EaCKMvLmIqdXBPZN/CWka2mLZX89vr2w/f3j18/3750y9ztVvpnyllJ9zAeXU2UzOl9TE0U8/e712Okl2ZWCwFzRCIy1vonCfGQFdziZSwSKq2GPz8s/Q+IeeOkv7ARqzjvoE3a1eOgCl3oadSGy+j1Ua4c/1M3bpALxKewEriNrl+KHBxdv5mARdnF+cLuEtoPMFKUpSEu6CAbGtJgF3nvMNCuQJYeg+TOEOiTGlDtlIncOMMcSYLI1tKUAaCB3YbShk9/EApuJzdhp452OziAGbIg/zJgAWGUmJu6lpyrmTKUhkJtd8Lcj1GXyt1ctyhimgesad2jH1CSw106DOp4gL9JUwNLAMlZ7C+kdwuuSdPWa1Figm2UQAafrXcLWBvpwMy9pQWoLV1GdeeFiD+sr3dfvzx5vLstf3WCDOZIim3RkIY2ZXtq3AR8V/i0Frh/GL7McfdVfymVBr5EN9yB45zQe9Bb2F/b1q8YdKJPGEmTf7ywP67UdCaeHfEdMKkOv/mdfZTniP46/8L0bsCA/kAv/8Bj+OaTPEQt2UQ/kqLcdp4N8nIDALzj1SK435vwIbamBwbF9FXVTU/AukpSipwt7puVzfX7fLh/rurl6I5vHsHUA8SqJZo6mqNeUhm8ikymuHo22HgOscuD0p1jtG3gXLGnhr4WwHsn5vjXU+YYU+SVQCb57k6/VQpgN3DywVDbOD0UCsAiwWzjMlQA6efFwpgjDuugdN98d8fiNYz9U8AAAD//7UT0kqfBAAA"
            },
            "platform_config": [],
            "preemptible_instance_config": [],
            "preserve_boot_volume": null,
            "preserve_data_volumes_created_at_launch": null,
            "private_ip": "10.0.1.13",
            "public_ip": "",
            "region": "us-sanjose-1",
            "shape": "VM.Standard.A1.Flex",
            "shape_config": [
              {
                "baseline_ocpu_utilization": "",
                "gpu_description": "",
                "gpus": 0,
                "local_disk_description": "",
                "local_disks": 0,
                "local_disks_total_size_in_gbs": 0,
                "max_vnic_attachments": 2,
                "memory_in_gbs": 12,
                "networking_bandwidth_in_gbps": 2,
                "nvmes": 0,
                "ocpus": 2,
                "processor_description": "3.0 GHz Ampere® Altra™",
                "vcpus": 2
              }
            ],
            "source_details": [
              {
                "boot_volume_size_in_gbs": "47",
                "boot_volume_vpus_per_gb": "10",
                "instance_source_image_filter_details": [],
                "kms_key_id": "",
                "source_id": "ocid1.image.oc1.us-sanjose-1.aaaaaaaatprg3t5qmz7r3vngtkrz3zxdn5wbwygdz76qmgxodzd67cj6unua",
                "source_type": "image"
              }
            ],
            "state": "RUNNING",
            "subnet_id": "ocid1.subnet.oc1.us-sanjose-1.aaaaaaaaql6uklemognq7v64fp4jxebuop3tpg6gjijdyedykw3elx4imsyq",
            "system_tags": {},
            "time_created": "2024-04-08 07:54:33.275 +0000 UTC",
            "time_maintenance_reboot_due": null,
            "update_operation_constraint": null
          },
          "sensitive_attributes": []
        }
      ]
    },
    {
      "mode": "data",
      "type": "oci_core_services",
      "name": "all_oci_services",
      "provider": "provider[\"registry.terraform.io/oracle/oci\"]",
      "instances": [
        {
          "schema_version": 0,
          "attributes": {
            "filter": [
              {
                "name": "name",
                "regex": true,
                "values": [
                  "All .* Services In Oracle Services Network"
                ]
              }
            ],
            "id": "CoreServicesDataSource-0",
            "services": [
              {
                "cidr_block": "all-sjc-services-in-oracle-services-network",
                "description": "All SJC Services In Oracle Services Network",
                "id": "ocid1.service.oc1.us-sanjose-1.aaaaaaaa7w72lnqlnse4zc5vubcjv6mhsooz3jlaazcbzq7hnzih26qqiw6a",
                "name": "All SJC Services In Oracle Services Network"
              }
            ]
          },
          "sensitive_attributes": []
        }
      ]
    },
    {
      "mode": "data",
      "type": "oci_core_vcn",
      "name": "vcn",
      "provider": "provider[\"registry.terraform.io/oracle/oci\"]",
      "instances": [
        {
          "schema_version": 0,
          "attributes": {
            "byoipv6cidr_blocks": [],
            "byoipv6cidr_details": null,
            "cidr_block": "10.0.0.0/16",
            "cidr_blocks": [
              "10.0.0.0/16"
            ],
            "compartment_id": "ocid1.tenancy.oc1..aaaaaaaama642bekezj2z6edxsme5ojtcv3siwaieyl7nccgarj4ky2ocrya",
            "default_dhcp_options_id": "ocid1.dhcpoptions.oc1.us-sanjose-1.aaaaaaaadttg76mdgxybiqbgbtv2hb66psf76idkcsonhg3mgi24i35vstpq",
            "default_route_table_id": "ocid1.routetable.oc1.us-sanjose-1.aaaaaaaarqk6x67zoh5evq4wv5bvn7qgv3roucv35aldioe5tzptstpj44jq",
            "default_security_list_id": "ocid1.securitylist.oc1.us-sanjose-1.aaaaaaaao3yaube3rth5etm7zenvuhaf3iet7mcqtu2slzf243pqjrjro65q",
            "defined_tags": {
              "Oracle-Tags.CreatedBy": "default/lian_jiang_hust@yahoo.com",
              "Oracle-Tags.CreatedOn": "2024-04-08T07:54:10.178Z"
            },
            "display_name": "production-vcn",
            "dns_label": "vcnmodule",
            "freeform_tags": {
              "module": "oracle-terraform-modules/vcn/oci",
              "terraformed": "Please do not edit manually"
            },
            "id": "ocid1.vcn.oc1.us-sanjose-1.amaaaaaa676g55aa23appkh4yp6bk6ml2igo7pzpinvo7imtx4yqycehj7ma",
            "ipv6cidr_blocks": [],
            "ipv6private_cidr_blocks": [],
            "is_ipv6enabled": null,
            "is_oracle_gua_allocation_enabled": null,
            "state": "AVAILABLE",
            "time_created": "2024-04-08 07:54:10.247 +0000 UTC",
            "vcn_domain_name": "vcnmodule.oraclevcn.com",
            "vcn_id": "ocid1.vcn.oc1.us-sanjose-1.amaaaaaa676g55aa23appkh4yp6bk6ml2igo7pzpinvo7imtx4yqycehj7ma"
          },
          "sensitive_attributes": []
        }
      ]
    },
    {
      "mode": "data",
      "type": "oci_core_vnic",
      "name": "operator_vnic",
      "provider": "provider[\"registry.terraform.io/oracle/oci\"]",
      "instances": [
        {
          "schema_version": 0,
          "attributes": {
            "availability_domain": "FZWq:US-SANJOSE-1-AD-1",
            "compartment_id": "ocid1.tenancy.oc1..aaaaaaaama642bekezj2z6edxsme5ojtcv3siwaieyl7nccgarj4ky2ocrya",
            "defined_tags": {
              "Oracle-Tags.CreatedBy": "default/lian_jiang_hust@yahoo.com",
              "Oracle-Tags.CreatedOn": "2024-04-08T07:54:32.665Z"
            },
            "display_name": "production-operator-vnic",
            "freeform_tags": {
              "access": "restricted",
              "environment": "dev",
              "role": "operator"
            },
            "hostname_label": "production-operator",
            "id": "ocid1.vnic.oc1.us-sanjose-1.abzwuljrvc52x6wpynx3x7jeuoepeme7rmawkjb2ptoj4dsbgifzr3wzrrma",
            "ipv6addresses": [],
            "is_primary": true,
            "mac_address": "02:00:17:00:A0:BB",
            "nsg_ids": [
              "ocid1.networksecuritygroup.oc1.us-sanjose-1.aaaaaaaagax2bambjc6gfsayxjiy5jpujinwifj6ei25sn6dlz7fxjkbpkra"
            ],
            "private_ip_address": "10.0.1.13",
            "public_ip_address": null,
            "skip_source_dest_check": false,
            "state": "AVAILABLE",
            "subnet_id": "ocid1.subnet.oc1.us-sanjose-1.aaaaaaaaql6uklemognq7v64fp4jxebuop3tpg6gjijdyedykw3elx4imsyq",
            "time_created": "2024-04-08 07:54:38.466 +0000 UTC",
            "vlan_id": null,
            "vnic_id": "ocid1.vnic.oc1.us-sanjose-1.abzwuljrvc52x6wpynx3x7jeuoepeme7rmawkjb2ptoj4dsbgifzr3wzrrma"
          },
          "sensitive_attributes": []
        }
      ]
    },
    {
      "mode": "data",
      "type": "oci_core_vnic_attachments",
      "name": "operator_vnics_attachments",
      "provider": "provider[\"registry.terraform.io/oracle/oci\"]",
      "instances": [
        {
          "schema_version": 0,
          "attributes": {
            "availability_domain": null,
            "compartment_id": "ocid1.tenancy.oc1..aaaaaaaama642bekezj2z6edxsme5ojtcv3siwaieyl7nccgarj4ky2ocrya",
            "filter": null,
            "id": "CoreVnicAttachmentsDataSource-2802573054",
            "instance_id": "ocid1.instance.oc1.us-sanjose-1.anzwuljr676g55ac5smfdj7hhpsnl5liufse23jykjoihfcgzsdtpo65etqq",
            "vnic_attachments": [
              {
                "availability_domain": "FZWq:US-SANJOSE-1-AD-1",
                "compartment_id": "ocid1.tenancy.oc1..aaaaaaaama642bekezj2z6edxsme5ojtcv3siwaieyl7nccgarj4ky2ocrya",
                "create_vnic_details": [],
                "display_name": "",
                "id": "ocid1.vnicattachment.oc1.us-sanjose-1.anzwuljr676g55aci5utizqu6rtdfa3v7sxhfty2jj6olz2b76a2yg5mnfdq",
                "instance_id": "ocid1.instance.oc1.us-sanjose-1.anzwuljr676g55ac5smfdj7hhpsnl5liufse23jykjoihfcgzsdtpo65etqq",
                "nic_index": 0,
                "state": "ATTACHED",
                "subnet_id": "ocid1.subnet.oc1.us-sanjose-1.aaaaaaaaql6uklemognq7v64fp4jxebuop3tpg6gjijdyedykw3elx4imsyq",
                "time_created": "2024-04-08 07:54:38.673 +0000 UTC",
                "vlan_id": "",
                "vlan_tag": 1329,
                "vnic_id": "ocid1.vnic.oc1.us-sanjose-1.abzwuljrvc52x6wpynx3x7jeuoepeme7rmawkjb2ptoj4dsbgifzr3wzrrma"
              }
            ],
            "vnic_id": null
          },
          "sensitive_attributes": []
        }
      ]
    },
    {
      "mode": "data",
      "type": "oci_identity_availability_domain",
      "name": "ad",
      "provider": "provider[\"registry.terraform.io/oracle/oci\"]",
      "instances": [
        {
          "schema_version": 0,
          "attributes": {
            "ad_number": 1,
            "compartment_id": "ocid1.tenancy.oc1..aaaaaaaama642bekezj2z6edxsme5ojtcv3siwaieyl7nccgarj4ky2ocrya",
            "id": "ocid1.availabilitydomain.oc1..aaaaaaaavi2wyd6rjjffu5nzgb3gjq4thy46k7sgw5ibh7mu5sq5fyie6t5a",
            "name": "FZWq:US-SANJOSE-1-AD-1"
          },
          "sensitive_attributes": []
        }
      ]
    },
    {
      "mode": "data",
      "type": "oci_identity_tenancy",
      "name": "tenancy",
      "provider": "provider[\"registry.terraform.io/oracle/oci\"]",
      "instances": [
        {
          "schema_version": 0,
          "attributes": {
            "defined_tags": {},
            "description": "lianjianghust",
            "freeform_tags": {},
            "home_region_key": "SJC",
            "id": "ocid1.tenancy.oc1..aaaaaaaama642bekezj2z6edxsme5ojtcv3siwaieyl7nccgarj4ky2ocrya",
            "name": "lianjianghust",
            "tenancy_id": "ocid1.tenancy.oc1..aaaaaaaama642bekezj2z6edxsme5ojtcv3siwaieyl7nccgarj4ky2ocrya",
            "upi_idcs_compatibility_layer_endpoint": null
          },
          "sensitive_attributes": []
        }
      ]
    },
    {
      "mode": "managed",
      "type": "oci_core_instance",
      "name": "operator",
      "provider": "provider[\"registry.terraform.io/oracle/oci\"]",
      "instances": [
        {
          "schema_version": 0,
          "attributes": {
            "agent_config": [
              {
                "are_all_plugins_disabled": false,
                "is_management_disabled": false,
                "is_monitoring_disabled": false,
                "plugins_config": [
                  {
                    "desired_state": "ENABLED",
                    "name": "Bastion"
                  },
                  {
                    "desired_state": "DISABLED",
                    "name": "OS Management Service Agent"
                  }
                ]
              }
            ],
            "async": null,
            "availability_config": [
              {
                "is_live_migration_preferred": false,
                "recovery_action": "RESTORE_INSTANCE"
              }
            ],
            "availability_domain": "FZWq:US-SANJOSE-1-AD-1",
            "boot_volume_id": "ocid1.bootvolume.oc1.us-sanjose-1.abzwuljrvdix6arih2pf2ni3jso2ydvsjsh75lnxyqtcmsrregw4qpkxm4kq",
            "capacity_reservation_id": null,
            "compartment_id": "ocid1.tenancy.oc1..aaaaaaaama642bekezj2z6edxsme5ojtcv3siwaieyl7nccgarj4ky2ocrya",
            "compute_cluster_id": null,
            "create_vnic_details": [
              {
                "assign_ipv6ip": false,
                "assign_private_dns_record": false,
                "assign_public_ip": "false",
                "defined_tags": {
                  "Oracle-Tags.CreatedBy": "default/lian_jiang_hust@yahoo.com",
                  "Oracle-Tags.CreatedOn": "2024-04-08T07:54:32.665Z"
                },
                "display_name": "production-operator-vnic",
                "freeform_tags": {
                  "access": "restricted",
                  "environment": "dev",
                  "role": "operator"
                },
                "hostname_label": "production-operator",
                "ipv6address_ipv6subnet_cidr_pair_details": [],
                "nsg_ids": [
                  "ocid1.networksecuritygroup.oc1.us-sanjose-1.aaaaaaaagax2bambjc6gfsayxjiy5jpujinwifj6ei25sn6dlz7fxjkbpkra"
                ],
                "private_ip": "10.0.1.13",
                "skip_source_dest_check": false,
                "subnet_id": "ocid1.subnet.oc1.us-sanjose-1.aaaaaaaaql6uklemognq7v64fp4jxebuop3tpg6gjijdyedykw3elx4imsyq",
                "vlan_id": ""
              }
            ],
            "dedicated_vm_host_id": null,
            "defined_tags": {
              "Oracle-Tags.CreatedBy": "default/lian_jiang_hust@yahoo.com",
              "Oracle-Tags.CreatedOn": "2024-04-08T07:54:32.538Z"
            },
            "display_name": "production-operator",
            "extended_metadata": {},
            "fault_domain": "FAULT-DOMAIN-2",
            "freeform_tags": {
              "access": "restricted",
              "environment": "dev",
              "role": "operator"
            },
            "hostname_label": "production-operator",
            "id": "ocid1.instance.oc1.us-sanjose-1.anzwuljr676g55ac5smfdj7hhpsnl5liufse23jykjoihfcgzsdtpo65etqq",
            "image": "ocid1.image.oc1.us-sanjose-1.aaaaaaaatprg3t5qmz7r3vngtkrz3zxdn5wbwygdz76qmgxodzd67cj6unua",
            "instance_configuration_id": null,
            "instance_options": [
              {
                "are_legacy_imds_endpoints_disabled": false
              }
            ],
            "ipxe_script": null,
            "is_cross_numa_node": false,
            "is_pv_encryption_in_transit_enabled": false,
            "launch_mode": "PARAVIRTUALIZED",
            "launch_options": [
              {
                "boot_volume_type": "PARAVIRTUALIZED",
                "firmware": "UEFI_64",
                "is_consistent_volume_naming_enabled": true,
                "is_pv_encryption_in_transit_enabled": false,
                "network_type": "PARAVIRTUALIZED",
                "remote_data_volume_type": "PARAVIRTUALIZED"
              }
            ],
            "launch_volume_attachments": null,
            "metadata": {
              "ssh_authorized_keys": "",
              "user_data": "H4sIAAAAAAAA/3yU0W8jNRDG3y3lfxilfYx32wK6ak89KeROolJLgWuREEKriT27a2rPGNsbGsQfj7K55gKl9zb2/r7P31ieXQkX4qLvt5EaCKMvLmIqdXBPZN/CWka2mLZX89vr2w/f3j18/3750y9ztVvpnyllJ9zAeXU2UzOl9TE0U8/e712Okl2ZWCwFzRCIy1vonCfGQFdziZSwSKq2GPz8s/Q+IeeOkv7ARqzjvoE3a1eOgCl3oadSGy+j1Ua4c/1M3bpALxKewEriNrl+KHBxdv5mARdnF+cLuEtoPMFKUpSEu6CAbGtJgF3nvMNCuQJYeg+TOEOiTGlDtlIncOMMcSYLI1tKUAaCB3YbShk9/EApuJzdhp452OziAGbIg/zJgAWGUmJu6lpyrmTKUhkJtd8Lcj1GXyt1ctyhimgesad2jH1CSw106DOp4gL9JUwNLAMlZ7C+kdwuuSdPWa1Figm2UQAafrXcLWBvpwMy9pQWoLV1GdeeFiD+sr3dfvzx5vLstf3WCDOZIim3RkIY2ZXtq3AR8V/i0Frh/GL7McfdVfymVBr5EN9yB45zQe9Bb2F/b1q8YdKJPGEmTf7ywP67UdCaeHfEdMKkOv/mdfZTniP46/8L0bsCA/kAv/8Bj+OaTPEQt2UQ/kqLcdp4N8nIDALzj1SK435vwIbamBwbF9FXVTU/AukpSipwt7puVzfX7fLh/rurl6I5vHsHUA8SqJZo6mqNeUhm8ikymuHo22HgOscuD0p1jtG3gXLGnhr4WwHsn5vjXU+YYU+SVQCb57k6/VQpgN3DywVDbOD0UCsAiwWzjMlQA6efFwpgjDuugdN98d8fiNYz9U8AAAD//7UT0kqfBAAA"
            },
            "platform_config": [],
            "preemptible_instance_config": [],
            "preserve_boot_volume": null,
            "preserve_data_volumes_created_at_launch": null,
            "private_ip": "10.0.1.13",
            "public_ip": "",
            "region": "us-sanjose-1",
            "shape": "VM.Standard.A1.Flex",
            "shape_config": [
              {
                "baseline_ocpu_utilization": "",
                "gpu_description": "",
                "gpus": 0,
                "local_disk_description": "",
                "local_disks": 0,
                "local_disks_total_size_in_gbs": 0,
                "max_vnic_attachments": 2,
                "memory_in_gbs": 12,
                "networking_bandwidth_in_gbps": 2,
                "nvmes": 0,
                "ocpus": 2,
                "processor_description": "3.0 GHz Ampere® Altra™",
                "vcpus": 2
              }
            ],
            "source_details": [
              {
                "boot_volume_size_in_gbs": "47",
                "boot_volume_vpus_per_gb": "10",
                "instance_source_image_filter_details": [],
                "kms_key_id": "",
                "source_id": "ocid1.image.oc1.us-sanjose-1.aaaaaaaatprg3t5qmz7r3vngtkrz3zxdn5wbwygdz76qmgxodzd67cj6unua",
                "source_type": "image"
              }
            ],
            "state": "RUNNING",
            "subnet_id": "ocid1.subnet.oc1.us-sanjose-1.aaaaaaaaql6uklemognq7v64fp4jxebuop3tpg6gjijdyedykw3elx4imsyq",
            "system_tags": {},
            "time_created": "2024-04-08 07:54:33.275 +0000 UTC",
            "time_maintenance_reboot_due": "",
            "timeouts": {
              "create": "60m",
              "delete": null,
              "update": null
            },
            "update_operation_constraint": null
          },
          "sensitive_attributes": [],
          "private": "eyJlMmJmYjczMC1lY2FhLTExZTYtOGY4OC0zNDM2M2JjN2M0YzAiOnsiY3JlYXRlIjozNjAwMDAwMDAwMDAwLCJkZWxldGUiOjQ1MDAwMDAwMDAwMDAsInVwZGF0ZSI6MjcwMDAwMDAwMDAwMH19",
          "dependencies": [
            "data.cloudinit_config.operator",
            "data.oci_core_images.oracle_images",
            "data.oci_core_vcn.vcn",
            "data.oci_identity_availability_domain.ad",
            "oci_core_network_security_group.operator",
            "oci_core_security_list.operator",
            "oci_core_subnet.operator"
          ]
        }
      ]
    },
    {
      "mode": "managed",
      "type": "oci_core_network_security_group",
      "name": "operator",
      "provider": "provider[\"registry.terraform.io/oracle/oci\"]",
      "instances": [
        {
          "schema_version": 0,
          "attributes": {
            "compartment_id": "ocid1.tenancy.oc1..aaaaaaaama642bekezj2z6edxsme5ojtcv3siwaieyl7nccgarj4ky2ocrya",
            "defined_tags": {
              "Oracle-Tags.CreatedBy": "default/lian_jiang_hust@yahoo.com",
              "Oracle-Tags.CreatedOn": "2024-04-08T07:54:29.647Z"
            },
            "display_name": "production-operator",
            "freeform_tags": {},
            "id": "ocid1.networksecuritygroup.oc1.us-sanjose-1.aaaaaaaagax2bambjc6gfsayxjiy5jpujinwifj6ei25sn6dlz7fxjkbpkra",
            "state": "AVAILABLE",
            "time_created": "2024-04-08 07:54:29.754 +0000 UTC",
            "timeouts": null,
            "vcn_id": "ocid1.vcn.oc1.us-sanjose-1.amaaaaaa676g55aa23appkh4yp6bk6ml2igo7pzpinvo7imtx4yqycehj7ma"
          },
          "sensitive_attributes": [],
          "private": "eyJlMmJmYjczMC1lY2FhLTExZTYtOGY4OC0zNDM2M2JjN2M0YzAiOnsiY3JlYXRlIjoxMjAwMDAwMDAwMDAwLCJkZWxldGUiOjEyMDAwMDAwMDAwMDAsInVwZGF0ZSI6MTIwMDAwMDAwMDAwMH19"
        }
      ]
    },
    {
      "mode": "managed",
      "type": "oci_core_network_security_group_security_rule",
      "name": "operator_egress_anywhere",
      "provider": "provider[\"registry.terraform.io/oracle/oci\"]",
      "instances": [
        {
          "schema_version": 0,
          "attributes": {
            "description": "allow operator to egress to anywhere",
            "destination": "0.0.0.0/0",
            "destination_type": "CIDR_BLOCK",
            "direction": "EGRESS",
            "icmp_options": [],
            "id": "128A0D",
            "is_valid": true,
            "network_security_group_id": "ocid1.networksecuritygroup.oc1.us-sanjose-1.aaaaaaaagax2bambjc6gfsayxjiy5jpujinwifj6ei25sn6dlz7fxjkbpkra",
            "protocol": "all",
            "source": null,
            "source_type": "",
            "stateless": false,
            "tcp_options": [],
            "time_created": "2024-04-08 07:54:30.278 +0000 UTC",
            "timeouts": null,
            "udp_options": []
          },
          "sensitive_attributes": [],
          "private": "eyJlMmJmYjczMC1lY2FhLTExZTYtOGY4OC0zNDM2M2JjN2M0YzAiOnsiY3JlYXRlIjoxMjAwMDAwMDAwMDAwLCJkZWxldGUiOjEyMDAwMDAwMDAwMDAsInVwZGF0ZSI6MTIwMDAwMDAwMDAwMH19",
          "dependencies": [
            "oci_core_network_security_group.operator"
          ]
        }
      ]
    },
    {
      "mode": "managed",
      "type": "oci_core_network_security_group_security_rule",
      "name": "operator_egress_osn",
      "provider": "provider[\"registry.terraform.io/oracle/oci\"]",
      "instances": [
        {
          "schema_version": 0,
          "attributes": {
            "description": "allow operator to egress to osn",
            "destination": "all-sjc-services-in-oracle-services-network",
            "destination_type": "SERVICE_CIDR_BLOCK",
            "direction": "EGRESS",
            "icmp_options": [],
            "id": "1292D3",
            "is_valid": true,
            "network_security_group_id": "ocid1.networksecuritygroup.oc1.us-sanjose-1.aaaaaaaagax2bambjc6gfsayxjiy5jpujinwifj6ei25sn6dlz7fxjkbpkra",
            "protocol": "all",
            "source": null,
            "source_type": "",
            "stateless": false,
            "tcp_options": [],
            "time_created": "2024-04-08 07:54:30.171 +0000 UTC",
            "timeouts": null,
            "udp_options": []
          },
          "sensitive_attributes": [],
          "private": "eyJlMmJmYjczMC1lY2FhLTExZTYtOGY4OC0zNDM2M2JjN2M0YzAiOnsiY3JlYXRlIjoxMjAwMDAwMDAwMDAwLCJkZWxldGUiOjEyMDAwMDAwMDAwMDAsInVwZGF0ZSI6MTIwMDAwMDAwMDAwMH19",
          "dependencies": [
            "data.oci_core_services.all_oci_services",
            "oci_core_network_security_group.operator"
          ]
        }
      ]
    },
    {
      "mode": "managed",
      "type": "oci_core_network_security_group_security_rule",
      "name": "operator_ingress",
      "provider": "provider[\"registry.terraform.io/oracle/oci\"]",
      "instances": [
        {
          "schema_version": 0,
          "attributes": {
            "description": "allow ssh access to operator from within vcn",
            "destination": null,
            "destination_type": "",
            "direction": "INGRESS",
            "icmp_options": [],
            "id": "A41114",
            "is_valid": true,
            "network_security_group_id": "ocid1.networksecuritygroup.oc1.us-sanjose-1.aaaaaaaagax2bambjc6gfsayxjiy5jpujinwifj6ei25sn6dlz7fxjkbpkra",
            "protocol": "6",
            "source": "10.0.0.0/16",
            "source_type": "CIDR_BLOCK",
            "stateless": false,
            "tcp_options": [
              {
                "destination_port_range": [
                  {
                    "max": 22,
                    "min": 22
                  }
                ],
                "source_port_range": []
              }
            ],
            "time_created": "2024-04-08 07:54:30.401 +0000 UTC",
            "timeouts": null,
            "udp_options": []
          },
          "sensitive_attributes": [],
          "private": "eyJlMmJmYjczMC1lY2FhLTExZTYtOGY4OC0zNDM2M2JjN2M0YzAiOnsiY3JlYXRlIjoxMjAwMDAwMDAwMDAwLCJkZWxldGUiOjEyMDAwMDAwMDAwMDAsInVwZGF0ZSI6MTIwMDAwMDAwMDAwMH19",
          "dependencies": [
            "data.oci_core_vcn.vcn",
            "oci_core_network_security_group.operator"
          ]
        }
      ]
    },
    {
      "mode": "managed",
      "type": "oci_core_security_list",
      "name": "operator",
      "provider": "provider[\"registry.terraform.io/oracle/oci\"]",
      "instances": [
        {
          "schema_version": 0,
          "attributes": {
            "compartment_id": "ocid1.tenancy.oc1..aaaaaaaama642bekezj2z6edxsme5ojtcv3siwaieyl7nccgarj4ky2ocrya",
            "defined_tags": {
              "Oracle-Tags.CreatedBy": "default/lian_jiang_hust@yahoo.com",
              "Oracle-Tags.CreatedOn": "2024-04-08T07:54:29.664Z"
            },
            "display_name": "production-operator",
            "egress_security_rules": [
              {
                "description": "",
                "destination": "10.0.1.8/29",
                "destination_type": "CIDR_BLOCK",
                "icmp_options": [],
                "protocol": "6",
                "stateless": false,
                "tcp_options": [
                  {
                    "max": 22,
                    "min": 22,
                    "source_port_range": []
                  }
                ],
                "udp_options": []
              }
            ],
            "freeform_tags": {
              "access": "restricted",
              "environment": "dev",
              "role": "operator"
            },
            "id": "ocid1.securitylist.oc1.us-sanjose-1.aaaaaaaastcyvvsnwxohwvnj4zc6kgmdct54wu4x2kzkiuhyve7py7msuvgq",
            "ingress_security_rules": [],
            "state": "AVAILABLE",
            "time_created": "2024-04-08 07:54:29.7 +0000 UTC",
            "timeouts": null,
            "vcn_id": "ocid1.vcn.oc1.us-sanjose-1.amaaaaaa676g55aa23appkh4yp6bk6ml2igo7pzpinvo7imtx4yqycehj7ma"
          },
          "sensitive_attributes": [],
          "private": "eyJlMmJmYjczMC1lY2FhLTExZTYtOGY4OC0zNDM2M2JjN2M0YzAiOnsiY3JlYXRlIjoxMjAwMDAwMDAwMDAwLCJkZWxldGUiOjEyMDAwMDAwMDAwMDAsInVwZGF0ZSI6MTIwMDAwMDAwMDAwMH19",
          "dependencies": [
            "data.oci_core_vcn.vcn"
          ]
        }
      ]
    },
    {
      "mode": "managed",
      "type": "oci_core_subnet",
      "name": "operator",
      "provider": "provider[\"registry.terraform.io/oracle/oci\"]",
      "instances": [
        {
          "schema_version": 0,
          "attributes": {
            "availability_domain": null,
            "cidr_block": "10.0.1.8/29",
            "compartment_id": "ocid1.tenancy.oc1..aaaaaaaama642bekezj2z6edxsme5ojtcv3siwaieyl7nccgarj4ky2ocrya",
            "defined_tags": {
              "Oracle-Tags.CreatedBy": "default/lian_jiang_hust@yahoo.com",
              "Oracle-Tags.CreatedOn": "2024-04-08T07:54:30.070Z"
            },
            "dhcp_options_id": "ocid1.dhcpoptions.oc1.us-sanjose-1.aaaaaaaadttg76mdgxybiqbgbtv2hb66psf76idkcsonhg3mgi24i35vstpq",
            "display_name": "production-operator",
            "dns_label": "operator",
            "freeform_tags": {
              "access": "restricted",
              "environment": "dev",
              "role": "operator"
            },
            "id": "ocid1.subnet.oc1.us-sanjose-1.aaaaaaaaql6uklemognq7v64fp4jxebuop3tpg6gjijdyedykw3elx4imsyq",
            "ipv6cidr_block": null,
            "ipv6cidr_blocks": [],
            "ipv6virtual_router_ip": null,
            "prohibit_internet_ingress": true,
            "prohibit_public_ip_on_vnic": true,
            "route_table_id": "ocid1.routetable.oc1.us-sanjose-1.aaaaaaaarqk6x67zoh5evq4wv5bvn7qgv3roucv35aldioe5tzptstpj44jq",
            "security_list_ids": [
              "ocid1.securitylist.oc1.us-sanjose-1.aaaaaaaastcyvvsnwxohwvnj4zc6kgmdct54wu4x2kzkiuhyve7py7msuvgq"
            ],
            "state": "AVAILABLE",
            "subnet_domain_name": "operator.vcnmodule.oraclevcn.com",
            "time_created": "2024-04-08 07:54:30.115 +0000 UTC",
            "timeouts": null,
            "vcn_id": "ocid1.vcn.oc1.us-sanjose-1.amaaaaaa676g55aa23appkh4yp6bk6ml2igo7pzpinvo7imtx4yqycehj7ma",
            "virtual_router_ip": "10.0.1.9",
            "virtual_router_mac": "00:00:17:A6:BB:97"
          },
          "sensitive_attributes": [],
          "private": "eyJlMmJmYjczMC1lY2FhLTExZTYtOGY4OC0zNDM2M2JjN2M0YzAiOnsiY3JlYXRlIjoxMjAwMDAwMDAwMDAwLCJkZWxldGUiOjEyMDAwMDAwMDAwMDAsInVwZGF0ZSI6MTIwMDAwMDAwMDAwMH19",
          "dependencies": [
            "data.oci_core_vcn.vcn",
            "oci_core_security_list.operator"
          ]
        }
      ]
    },
    {
      "mode": "managed",
      "type": "random_id",
      "name": "dynamic_group_suffix",
      "provider": "provider[\"registry.terraform.io/hashicorp/random\"]",
      "instances": [
        {
          "schema_version": 0,
          "attributes": {
            "b64_std": "4lCqHKn7VHc=",
            "b64_url": "4lCqHKn7VHc",
            "byte_length": 8,
            "dec": "16307721290796192887",
            "hex": "e250aa1ca9fb5477",
            "id": "4lCqHKn7VHc",
            "keepers": {
              "label_prefix": "production",
              "tenancy_id": "ocid1.tenancy.oc1..aaaaaaaama642bekezj2z6edxsme5ojtcv3siwaieyl7nccgarj4ky2ocrya"
            },
            "prefix": null
          },
          "sensitive_attributes": []
        }
      ]
    }
  ],
  "check_results": null
}
