{
  "version": 4,
  "terraform_version": "1.7.5",
  "serial": 3,
  "lineage": "fe60603f-d053-9de9-7867-13bd6865535d",
  "outputs": {
    "default_security_list_id": {
      "value": "ocid1.securitylist.oc1.us-sanjose-1.aaaaaaaao3yaube3rth5etm7zenvuhaf3iet7mcqtu2slzf243pqjrjro65q",
      "type": "string"
    },
    "ig_route_all_attributes": {
      "value": {},
      "type": [
        "object",
        {}
      ]
    },
    "ig_route_id": {
      "value": "",
      "type": "string"
    },
    "internet_gateway_all_attributes": {
      "value": {},
      "type": [
        "object",
        {}
      ]
    },
    "internet_gateway_id": {
      "value": "",
      "type": "string"
    },
    "lpg_all_attributes": {
      "value": {},
      "type": [
        "object",
        {}
      ]
    },
    "nat_gateway_all_attributes": {
      "value": {},
      "type": [
        "object",
        {}
      ]
    },
    "nat_gateway_id": {
      "value": "",
      "type": "string"
    },
    "nat_route_all_attributes": {
      "value": {},
      "type": [
        "object",
        {}
      ]
    },
    "nat_route_id": {
      "value": "",
      "type": "string"
    },
    "service_gateway_all_attributes": {
      "value": {},
      "type": [
        "object",
        {}
      ]
    },
    "service_gateway_id": {
      "value": "",
      "type": "string"
    },
    "sgw_route_id": {
      "value": "",
      "type": "string"
    },
    "vcn_all_attributes": {
      "value": {
        "byoipv6cidr_blocks": [],
        "byoipv6cidr_details": null,
        "cidr_block": "10.0.0.0/16",
        "cidr_blocks": [
          "10.0.0.0/16"
        ],
        "compartment_id": "ocid1.tenancy.oc1..aaaaaaaama642bekezj2z6edxsme5ojtcv3siwaieyl7nccgarj4ky2ocrya",
        "default_dhcp_options_id": "ocid1.dhcpoptions.oc1.us-sanjose-1.aaaaaaaadttg76mdgxybiqbgbtv2hb66psf76idkcsonhg3mgi24i35vstpq",
        "default_route_table_id": "ocid1.routetable.oc1.us-sanjose-1.aaaaaaaarqk6x67zoh5evq4wv5bvn7qgv3roucv35aldioe5tzptstpj44jq",
        "default_security_list_id": "ocid1.securitylist.oc1.us-sanjose-1.aaaaaaaao3yaube3rth5etm7zenvuhaf3iet7mcqtu2slzf243pqjrjro65q",
        "defined_tags": {
          "Oracle-Tags.CreatedBy": "default/lian_jiang_hust@yahoo.com",
          "Oracle-Tags.CreatedOn": "2024-04-08T07:54:10.178Z"
        },
        "display_name": "production-vcn",
        "dns_label": "vcnmodule",
        "freeform_tags": {
          "module": "oracle-terraform-modules/vcn/oci",
          "terraformed": "Please do not edit manually"
        },
        "id": "ocid1.vcn.oc1.us-sanjose-1.amaaaaaa676g55aa23appkh4yp6bk6ml2igo7pzpinvo7imtx4yqycehj7ma",
        "ipv6cidr_blocks": [],
        "ipv6private_cidr_blocks": [],
        "is_ipv6enabled": false,
        "is_oracle_gua_allocation_enabled": null,
        "state": "AVAILABLE",
        "time_created": "2024-04-08 07:54:10.247 +0000 UTC",
        "timeouts": null,
        "vcn_domain_name": "vcnmodule.oraclevcn.com"
      },
      "type": [
        "object",
        {
          "byoipv6cidr_blocks": [
            "list",
            "string"
          ],
          "byoipv6cidr_details": [
            "list",
            [
              "object",
              {
                "byoipv6range_id": "string",
                "ipv6cidr_block": "string"
              }
            ]
          ],
          "cidr_block": "string",
          "cidr_blocks": [
            "list",
            "string"
          ],
          "compartment_id": "string",
          "default_dhcp_options_id": "string",
          "default_route_table_id": "string",
          "default_security_list_id": "string",
          "defined_tags": [
            "map",
            "string"
          ],
          "display_name": "string",
          "dns_label": "string",
          "freeform_tags": [
            "map",
            "string"
          ],
          "id": "string",
          "ipv6cidr_blocks": [
            "list",
            "string"
          ],
          "ipv6private_cidr_blocks": [
            "list",
            "string"
          ],
          "is_ipv6enabled": "bool",
          "is_oracle_gua_allocation_enabled": "bool",
          "state": "string",
          "time_created": "string",
          "timeouts": [
            "object",
            {
              "create": "string",
              "delete": "string",
              "update": "string"
            }
          ],
          "vcn_domain_name": "string"
        }
      ]
    },
    "vcn_id": {
      "value": "ocid1.vcn.oc1.us-sanjose-1.amaaaaaa676g55aa23appkh4yp6bk6ml2igo7pzpinvo7imtx4yqycehj7ma",
      "type": "string"
    }
  },
  "resources": [
    {
      "mode": "managed",
      "type": "oci_core_default_security_list",
      "name": "lockdown",
      "provider": "provider[\"registry.terraform.io/oracle/oci\"]",
      "instances": [
        {
          "index_key": 0,
          "schema_version": 0,
          "attributes": {
            "compartment_id": "ocid1.tenancy.oc1..aaaaaaaama642bekezj2z6edxsme5ojtcv3siwaieyl7nccgarj4ky2ocrya",
            "defined_tags": {
              "Oracle-Tags.CreatedBy": "default/lian_jiang_hust@yahoo.com",
              "Oracle-Tags.CreatedOn": "2024-04-08T07:54:10.178Z"
            },
            "display_name": "Default Security List for production-vcn",
            "egress_security_rules": [],
            "freeform_tags": {
              "module": "oracle-terraform-modules/vcn/oci",
              "terraformed": "Please do not edit manually"
            },
            "id": "ocid1.securitylist.oc1.us-sanjose-1.aaaaaaaao3yaube3rth5etm7zenvuhaf3iet7mcqtu2slzf243pqjrjro65q",
            "ingress_security_rules": [],
            "manage_default_resource_id": "ocid1.securitylist.oc1.us-sanjose-1.aaaaaaaao3yaube3rth5etm7zenvuhaf3iet7mcqtu2slzf243pqjrjro65q",
            "state": "AVAILABLE",
            "time_created": "2024-04-08 07:54:10.247 +0000 UTC",
            "timeouts": null
          },
          "sensitive_attributes": [],
          "private": "eyJlMmJmYjczMC1lY2FhLTExZTYtOGY4OC0zNDM2M2JjN2M0YzAiOnsiY3JlYXRlIjoxMjAwMDAwMDAwMDAwLCJkZWxldGUiOjEyMDAwMDAwMDAwMDAsInVwZGF0ZSI6MTIwMDAwMDAwMDAwMH19",
          "dependencies": [
            "oci_core_vcn.vcn"
          ]
        }
      ]
    },
    {
      "mode": "managed",
      "type": "oci_core_vcn",
      "name": "vcn",
      "provider": "provider[\"registry.terraform.io/oracle/oci\"]",
      "instances": [
        {
          "schema_version": 0,
          "attributes": {
            "byoipv6cidr_blocks": [],
            "byoipv6cidr_details": null,
            "cidr_block": "10.0.0.0/16",
            "cidr_blocks": [
              "10.0.0.0/16"
            ],
            "compartment_id": "ocid1.tenancy.oc1..aaaaaaaama642bekezj2z6edxsme5ojtcv3siwaieyl7nccgarj4ky2ocrya",
            "default_dhcp_options_id": "ocid1.dhcpoptions.oc1.us-sanjose-1.aaaaaaaadttg76mdgxybiqbgbtv2hb66psf76idkcsonhg3mgi24i35vstpq",
            "default_route_table_id": "ocid1.routetable.oc1.us-sanjose-1.aaaaaaaarqk6x67zoh5evq4wv5bvn7qgv3roucv35aldioe5tzptstpj44jq",
            "default_security_list_id": "ocid1.securitylist.oc1.us-sanjose-1.aaaaaaaao3yaube3rth5etm7zenvuhaf3iet7mcqtu2slzf243pqjrjro65q",
            "defined_tags": {
              "Oracle-Tags.CreatedBy": "default/lian_jiang_hust@yahoo.com",
              "Oracle-Tags.CreatedOn": "2024-04-08T07:54:10.178Z"
            },
            "display_name": "production-vcn",
            "dns_label": "vcnmodule",
            "freeform_tags": {
              "module": "oracle-terraform-modules/vcn/oci",
              "terraformed": "Please do not edit manually"
            },
            "id": "ocid1.vcn.oc1.us-sanjose-1.amaaaaaa676g55aa23appkh4yp6bk6ml2igo7pzpinvo7imtx4yqycehj7ma",
            "ipv6cidr_blocks": [],
            "ipv6private_cidr_blocks": [],
            "is_ipv6enabled": false,
            "is_oracle_gua_allocation_enabled": null,
            "state": "AVAILABLE",
            "time_created": "2024-04-08 07:54:10.247 +0000 UTC",
            "timeouts": null,
            "vcn_domain_name": "vcnmodule.oraclevcn.com"
          },
          "sensitive_attributes": [],
          "private": "eyJlMmJmYjczMC1lY2FhLTExZTYtOGY4OC0zNDM2M2JjN2M0YzAiOnsiY3JlYXRlIjoxMjAwMDAwMDAwMDAwLCJkZWxldGUiOjEyMDAwMDAwMDAwMDAsInVwZGF0ZSI6MTIwMDAwMDAwMDAwMH19"
        }
      ]
    }
  ],
  "check_results": [
    {
      "object_kind": "var",
      "config_addr": "var.vcn_name",
      "status": "pass",
      "objects": [
        {
          "object_addr": "var.vcn_name",
          "status": "pass"
        }
      ]
    },
    {
      "object_kind": "var",
      "config_addr": "var.internet_gateway_display_name",
      "status": "pass",
      "objects": [
        {
          "object_addr": "var.internet_gateway_display_name",
          "status": "pass"
        }
      ]
    },
    {
      "object_kind": "var",
      "config_addr": "var.service_gateway_display_name",
      "status": "pass",
      "objects": [
        {
          "object_addr": "var.service_gateway_display_name",
          "status": "pass"
        }
      ]
    },
    {
      "object_kind": "var",
      "config_addr": "var.vcn_dns_label",
      "status": "pass",
      "objects": [
        {
          "object_addr": "var.vcn_dns_label",
          "status": "pass"
        }
      ]
    },
    {
      "object_kind": "var",
      "config_addr": "var.nat_gateway_display_name",
      "status": "pass",
      "objects": [
        {
          "object_addr": "var.nat_gateway_display_name",
          "status": "pass"
        }
      ]
    }
  ]
}
